
Microsoft Visual Studio Solution File, Format Version 12.00
# Visual Studio Version 17
VisualStudioVersion = 17.0.31903.59
MinimumVisualStudioVersion = 10.0.40219.1
Project("{2150E333-8FDC-42A3-9474-1A3956D46DE8}") = "src", "src", "{827E0CD3-B72D-47B6-A68D-7590B98EB39B}"
EndProject
Project("{FAE04EC0-301F-11D3-BF4B-00C04F79EFBC}") = "IpodSync.Core", "src\IpodSync.Core\IpodSync.Core.csproj", "{A3FBE2D3-3957-4E99-845E-E27C0390241B}"
EndProject
Project("{FAE04EC0-301F-11D3-BF4B-00C04F79EFBC}") = "IpodSync.Cli", "src\IpodSync.Cli\IpodSync.Cli.csproj", "{F94858A0-D2B9-479B-BB87-279210F8DE79}"
EndProject
Project("{FAE04EC0-301F-11D3-BF4B-00C04F79EFBC}") = "IpodSync.Web", "src\IpodSync.Web\IpodSync.Web.csproj", "{B02E955C-20E0-4CDC-9580-26FEE997FE98}"
EndProject
Project("{FAE04EC0-301F-11D3-BF4B-00C04F79EFBC}") = "IpodSync.Shared", "src\IpodSync.Shared\IpodSync.Shared.csproj", "{52E81E7A-8448-4A2C-AECA-27A17687C002}"
EndProject
Project("{FAE04EC0-301F-11D3-BF4B-00C04F79EFBC}") = "IpodSync.Maui", "src\IpodSync.Maui\IpodSync.Maui.csproj", "{F1AD656E-38C2-4B46-9556-FF8BCC7052DA}"
EndProject
Project("{FAE04EC0-301F-11D3-BF4B-00C04F79EFBC}") = "IpodSync.Engine", "src\IpodSync.Engine\IpodSync.Engine.csproj", "{D0D16F1B-E3C8-4774-825D-8E3A0D4C087B}"
EndProject
Project("{FAE04EC0-301F-11D3-BF4B-00C04F79EFBC}") = "FLACie.Core", "src\FLACie.Core\FLACie.Core.csproj", "{D1D7726C-A316-4864-AE98-257062AD8196}"
EndProject
Project("{FAE04EC0-301F-11D3-BF4B-00C04F79EFBC}") = "FLACie.Server", "src\FLACie.Server\FLACie.Server.csproj", "{5685DD0C-C8BE-4261-8087-92E6DA990C2F}"
EndProject
Global
	GlobalSection(SolutionConfigurationPlatforms) = preSolution
		Debug|Any CPU = Debug|Any CPU
		Debug|x64 = Debug|x64
		Debug|x86 = Debug|x86
		Release|Any CPU = Release|Any CPU
		Release|x64 = Release|x64
		Release|x86 = Release|x86
	EndGlobalSection
	GlobalSection(ProjectConfigurationPlatforms) = postSolution
		{A3FBE2D3-3957-4E99-845E-E27C0390241B}.Debug|Any CPU.ActiveCfg = Debug|Any CPU
		{A3FBE2D3-3957-4E99-845E-E27C0390241B}.Debug|Any CPU.Build.0 = Debug|Any CPU
		{A3FBE2D3-3957-4E99-845E-E27C0390241B}.Debug|x64.ActiveCfg = Debug|Any CPU
		{A3FBE2D3-3957-4E99-845E-E27C0390241B}.Debug|x64.Build.0 = Debug|Any CPU
		{A3FBE2D3-3957-4E99-845E-E27C0390241B}.Debug|x86.ActiveCfg = Debug|Any CPU
		{A3FBE2D3-3957-4E99-845E-E27C0390241B}.Debug|x86.Build.0 = Debug|Any CPU
		{A3FBE2D3-3957-4E99-845E-E27C0390241B}.Release|Any CPU.ActiveCfg = Release|Any CPU
		{A3FBE2D3-3957-4E99-845E-E27C0390241B}.Release|Any CPU.Build.0 = Release|Any CPU
		{A3FBE2D3-3957-4E99-845E-E27C0390241B}.Release|x64.ActiveCfg = Release|Any CPU
		{A3FBE2D3-3957-4E99-845E-E27C0390241B}.Release|x64.Build.0 = Release|Any CPU
		{A3FBE2D3-3957-4E99-845E-E27C0390241B}.Release|x86.ActiveCfg = Release|Any CPU
		{A3FBE2D3-3957-4E99-845E-E27C0390241B}.Release|x86.Build.0 = Release|Any CPU
		{F94858A0-D2B9-479B-BB87-279210F8DE79}.Debug|Any CPU.ActiveCfg = Debug|Any CPU
		{F94858A0-D2B9-479B-BB87-279210F8DE79}.Debug|Any CPU.Build.0 = Debug|Any CPU
		{F94858A0-D2B9-479B-BB87-279210F8DE79}.Debug|x64.ActiveCfg = Debug|Any CPU
		{F94858A0-D2B9-479B-BB87-279210F8DE79}.Debug|x64.Build.0 = Debug|Any CPU
		{F94858A0-D2B9-479B-BB87-279210F8DE79}.Debug|x86.ActiveCfg = Debug|Any CPU
		{F94858A0-D2B9-479B-BB87-279210F8DE79}.Debug|x86.Build.0 = Debug|Any CPU
		{F94858A0-D2B9-479B-BB87-279210F8DE79}.Release|Any CPU.ActiveCfg = Release|Any CPU
		{F94858A0-D2B9-479B-BB87-279210F8DE79}.Release|Any CPU.Build.0 = Release|Any CPU
		{F94858A0-D2B9-479B-BB87-279210F8DE79}.Release|x64.ActiveCfg = Release|Any CPU
		{F94858A0-D2B9-479B-BB87-279210F8DE79}.Release|x64.Build.0 = Release|Any CPU
		{F94858A0-D2B9-479B-BB87-279210F8DE79}.Release|x86.ActiveCfg = Release|Any CPU
		{F94858A0-D2B9-479B-BB87-279210F8DE79}.Release|x86.Build.0 = Release|Any CPU
		{B02E955C-20E0-4CDC-9580-26FEE997FE98}.Debug|Any CPU.ActiveCfg = Debug|Any CPU
		{B02E955C-20E0-4CDC-9580-26FEE997FE98}.Debug|Any CPU.Build.0 = Debug|Any CPU
		{B02E955C-20E0-4CDC-9580-26FEE997FE98}.Debug|x64.ActiveCfg = Debug|Any CPU
		{B02E955C-20E0-4CDC-9580-26FEE997FE98}.Debug|x64.Build.0 = Debug|Any CPU
		{B02E955C-20E0-4CDC-9580-26FEE997FE98}.Debug|x86.ActiveCfg = Debug|Any CPU
		{B02E955C-20E0-4CDC-9580-26FEE997FE98}.Debug|x86.Build.0 = Debug|Any CPU
		{B02E955C-20E0-4CDC-9580-26FEE997FE98}.Release|Any CPU.ActiveCfg = Release|Any CPU
		{B02E955C-20E0-4CDC-9580-26FEE997FE98}.Release|Any CPU.Build.0 = Release|Any CPU
		{B02E955C-20E0-4CDC-9580-26FEE997FE98}.Release|x64.ActiveCfg = Release|Any CPU
		{B02E955C-20E0-4CDC-9580-26FEE997FE98}.Release|x64.Build.0 = Release|Any CPU
		{B02E955C-20E0-4CDC-9580-26FEE997FE98}.Release|x86.ActiveCfg = Release|Any CPU
		{B02E955C-20E0-4CDC-9580-26FEE997FE98}.Release|x86.Build.0 = Release|Any CPU
		{52E81E7A-8448-4A2C-AECA-27A17687C002}.Debug|Any CPU.ActiveCfg = Debug|Any CPU
		{52E81E7A-8448-4A2C-AECA-27A17687C002}.Debug|Any CPU.Build.0 = Debug|Any CPU
		{52E81E7A-8448-4A2C-AECA-27A17687C002}.Debug|x64.ActiveCfg = Debug|Any CPU
		{52E81E7A-8448-4A2C-AECA-27A17687C002}.Debug|x64.Build.0 = Debug|Any CPU
		{52E81E7A-8448-4A2C-AECA-27A17687C002}.Debug|x86.ActiveCfg = Debug|Any CPU
		{52E81E7A-8448-4A2C-AECA-27A17687C002}.Debug|x86.Build.0 = Debug|Any CPU
		{52E81E7A-8448-4A2C-AECA-27A17687C002}.Release|Any CPU.ActiveCfg = Release|Any CPU
		{52E81E7A-8448-4A2C-AECA-27A17687C002}.Release|Any CPU.Build.0 = Release|Any CPU
		{52E81E7A-8448-4A2C-AECA-27A17687C002}.Release|x64.ActiveCfg = Release|Any CPU
		{52E81E7A-8448-4A2C-AECA-27A17687C002}.Release|x64.Build.0 = Release|Any CPU
		{52E81E7A-8448-4A2C-AECA-27A17687C002}.Release|x86.ActiveCfg = Release|Any CPU
		{52E81E7A-8448-4A2C-AECA-27A17687C002}.Release|x86.Build.0 = Release|Any CPU
		{F1AD656E-38C2-4B46-9556-FF8BCC7052DA}.Debug|Any CPU.ActiveCfg = Debug|Any CPU
		{F1AD656E-38C2-4B46-9556-FF8BCC7052DA}.Debug|Any CPU.Build.0 = Debug|Any CPU
		{F1AD656E-38C2-4B46-9556-FF8BCC7052DA}.Debug|x64.ActiveCfg = Debug|Any CPU
		{F1AD656E-38C2-4B46-9556-FF8BCC7052DA}.Debug|x64.Build.0 = Debug|Any CPU
		{F1AD656E-38C2-4B46-9556-FF8BCC7052DA}.Debug|x86.ActiveCfg = Debug|Any CPU
		{F1AD656E-38C2-4B46-9556-FF8BCC7052DA}.Debug|x86.Build.0 = Debug|Any CPU
		{F1AD656E-38C2-4B46-9556-FF8BCC7052DA}.Release|Any CPU.ActiveCfg = Release|Any CPU
		{F1AD656E-38C2-4B46-9556-FF8BCC7052DA}.Release|Any CPU.Build.0 = Release|Any CPU
		{F1AD656E-38C2-4B46-9556-FF8BCC7052DA}.Release|x64.ActiveCfg = Release|Any CPU
		{F1AD656E-38C2-4B46-9556-FF8BCC7052DA}.Release|x64.Build.0 = Release|Any CPU
		{F1AD656E-38C2-4B46-9556-FF8BCC7052DA}.Release|x86.ActiveCfg = Release|Any CPU
		{F1AD656E-38C2-4B46-9556-FF8BCC7052DA}.Release|x86.Build.0 = Release|Any CPU
		{D0D16F1B-E3C8-4774-825D-8E3A0D4C087B}.Debug|Any CPU.ActiveCfg = Debug|Any CPU
		{D0D16F1B-E3C8-4774-825D-8E3A0D4C087B}.Debug|Any CPU.Build.0 = Debug|Any CPU
		{D0D16F1B-E3C8-4774-825D-8E3A0D4C087B}.Debug|x64.ActiveCfg = Debug|Any CPU
		{D0D16F1B-E3C8-4774-825D-8E3A0D4C087B}.Debug|x64.Build.0 = Debug|Any CPU
		{D0D16F1B-E3C8-4774-825D-8E3A0D4C087B}.Debug|x86.ActiveCfg = Debug|Any CPU
		{D0D16F1B-E3C8-4774-825D-8E3A0D4C087B}.Debug|x86.Build.0 = Debug|Any CPU
		{D0D16F1B-E3C8-4774-825D-8E3A0D4C087B}.Release|Any CPU.ActiveCfg = Release|Any CPU
		{D0D16F1B-E3C8-4774-825D-8E3A0D4C087B}.Release|Any CPU.Build.0 = Release|Any CPU
		{D0D16F1B-E3C8-4774-825D-8E3A0D4C087B}.Release|x64.ActiveCfg = Release|Any CPU
		{D0D16F1B-E3C8-4774-825D-8E3A0D4C087B}.Release|x64.Build.0 = Release|Any CPU
		{D0D16F1B-E3C8-4774-825D-8E3A0D4C087B}.Release|x86.ActiveCfg = Release|Any CPU
		{D0D16F1B-E3C8-4774-825D-8E3A0D4C087B}.Release|x86.Build.0 = Release|Any CPU
		{D1D7726C-A316-4864-AE98-257062AD8196}.Debug|Any CPU.ActiveCfg = Debug|Any CPU
		{D1D7726C-A316-4864-AE98-257062AD8196}.Debug|Any CPU.Build.0 = Debug|Any CPU
		{D1D7726C-A316-4864-AE98-257062AD8196}.Debug|x64.ActiveCfg = Debug|Any CPU
		{D1D7726C-A316-4864-AE98-257062AD8196}.Debug|x64.Build.0 = Debug|Any CPU
		{D1D7726C-A316-4864-AE98-257062AD8196}.Debug|x86.ActiveCfg = Debug|Any CPU
		{D1D7726C-A316-4864-AE98-257062AD8196}.Debug|x86.Build.0 = Debug|Any CPU
		{D1D7726C-A316-4864-AE98-257062AD8196}.Release|Any CPU.ActiveCfg = Release|Any CPU
		{D1D7726C-A316-4864-AE98-257062AD8196}.Release|Any CPU.Build.0 = Release|Any CPU
		{D1D7726C-A316-4864-AE98-257062AD8196}.Release|x64.ActiveCfg = Release|Any CPU
		{D1D7726C-A316-4864-AE98-257062AD8196}.Release|x64.Build.0 = Release|Any CPU
		{D1D7726C-A316-4864-AE98-257062AD8196}.Release|x86.ActiveCfg = Release|Any CPU
		{D1D7726C-A316-4864-AE98-257062AD8196}.Release|x86.Build.0 = Release|Any CPU
		{5685DD0C-C8BE-4261-8087-92E6DA990C2F}.Debug|Any CPU.ActiveCfg = Debug|Any CPU
		{5685DD0C-C8BE-4261-8087-92E6DA990C2F}.Debug|Any CPU.Build.0 = Debug|Any CPU
		{5685DD0C-C8BE-4261-8087-92E6DA990C2F}.Debug|x64.ActiveCfg = Debug|Any CPU
		{5685DD0C-C8BE-4261-8087-92E6DA990C2F}.Debug|x64.Build.0 = Debug|Any CPU
		{5685DD0C-C8BE-4261-8087-92E6DA990C2F}.Debug|x86.ActiveCfg = Debug|Any CPU
		{5685DD0C-C8BE-4261-8087-92E6DA990C2F}.Debug|x86.Build.0 = Debug|Any CPU
		{5685DD0C-C8BE-4261-8087-92E6DA990C2F}.Release|Any CPU.ActiveCfg = Release|Any CPU
		{5685DD0C-C8BE-4261-8087-92E6DA990C2F}.Release|Any CPU.Build.0 = Release|Any CPU
		{5685DD0C-C8BE-4261-8087-92E6DA990C2F}.Release|x64.ActiveCfg = Release|Any CPU
		{5685DD0C-C8BE-4261-8087-92E6DA990C2F}.Release|x64.Build.0 = Release|Any CPU
		{5685DD0C-C8BE-4261-8087-92E6DA990C2F}.Release|x86.ActiveCfg = Release|Any CPU
		{5685DD0C-C8BE-4261-8087-92E6DA990C2F}.Release|x86.Build.0 = Release|Any CPU
	EndGlobalSection
	GlobalSection(SolutionProperties) = preSolution
		HideSolutionNode = FALSE
	EndGlobalSection
	GlobalSection(NestedProjects) = preSolution
		{A3FBE2D3-3957-4E99-845E-E27C0390241B} = {827E0CD3-B72D-47B6-A68D-7590B98EB39B}
		{F94858A0-D2B9-479B-BB87-279210F8DE79} = {827E0CD3-B72D-47B6-A68D-7590B98EB39B}
		{B02E955C-20E0-4CDC-9580-26FEE997FE98} = {827E0CD3-B72D-47B6-A68D-7590B98EB39B}
		{52E81E7A-8448-4A2C-AECA-27A17687C002} = {827E0CD3-B72D-47B6-A68D-7590B98EB39B}
		{F1AD656E-38C2-4B46-9556-FF8BCC7052DA} = {827E0CD3-B72D-47B6-A68D-7590B98EB39B}
		{D0D16F1B-E3C8-4774-825D-8E3A0D4C087B} = {827E0CD3-B72D-47B6-A68D-7590B98EB39B}
		{D1D7726C-A316-4864-AE98-257062AD8196} = {827E0CD3-B72D-47B6-A68D-7590B98EB39B}
		{5685DD0C-C8BE-4261-8087-92E6DA990C2F} = {827E0CD3-B72D-47B6-A68D-7590B98EB39B}
	EndGlobalSection
EndGlobal
